# This is a Gradle generated file for dependency locking.
# Manual edits can break the build and are not advised.
# This file is expected to be part of source control.
com.expediagroup:graphql-kotlin-schema-generator:7.0.0-alpha.5=compileClasspath,runtimeClasspath
com.graphql-java:graphql-java:20.2=compileClasspath,runtimeClasspath
com.graphql-java:java-dataloader:3.2.0=compileClasspath,runtimeClasspath
io.github.classgraph:classgraph:4.8.149=runtimeClasspath
net.java.dev.jna:jna:5.6.0=kotlinCompilerClasspath
org.jetbrains.intellij.deps:trove4j:1.0.20200330=kotlinCompilerClasspath
org.jetbrains.kotlin:kotlin-compiler-embeddable:1.8.10=kotlinCompilerClasspath
org.jetbrains.kotlin:kotlin-daemon-embeddable:1.8.10=kotlinCompilerClasspath
org.jetbrains.kotlin:kotlin-reflect:1.6.10=kotlinCompilerClasspath
org.jetbrains.kotlin:kotlin-reflect:1.7.21=runtimeClasspath
org.jetbrains.kotlin:kotlin-script-runtime:1.8.10=kotlinCompilerClasspath,kotlinCompilerPluginClasspathMain
org.jetbrains.kotlin:kotlin-scripting-common:1.8.10=kotlinCompilerPluginClasspathMain
org.jetbrains.kotlin:kotlin-scripting-compiler-embeddable:1.8.10=kotlinCompilerPluginClasspathMain
org.jetbrains.kotlin:kotlin-scripting-compiler-impl-embeddable:1.8.10=kotlinCompilerPluginClasspathMain
org.jetbrains.kotlin:kotlin-scripting-jvm:1.8.10=kotlinCompilerPluginClasspathMain
org.jetbrains.kotlin:kotlin-stdlib-common:1.8.10=compileClasspath,kotlinCompilerClasspath,kotlinCompilerPluginClasspathMain,runtimeClasspath
org.jetbrains.kotlin:kotlin-stdlib-jdk7:1.8.10=compileClasspath,runtimeClasspath
org.jetbrains.kotlin:kotlin-stdlib-jdk8:1.8.10=compileClasspath,runtimeClasspath
org.jetbrains.kotlin:kotlin-stdlib:1.8.10=compileClasspath,kotlinCompilerClasspath,kotlinCompilerPluginClasspathMain,runtimeClasspath
org.jetbrains.kotlinx:kotlinx-coroutines-bom:1.6.4=compileClasspath,runtimeClasspath
org.jetbrains.kotlinx:kotlinx-coroutines-core-jvm:1.6.4=compileClasspath,runtimeClasspath
org.jetbrains.kotlinx:kotlinx-coroutines-core:1.6.4=compileClasspath,runtimeClasspath
org.jetbrains.kotlinx:kotlinx-coroutines-jdk8:1.6.4=runtimeClasspath
org.jetbrains.kotlinx:kotlinx-coroutines-reactive:1.6.4=compileClasspath,runtimeClasspath
org.jetbrains:annotations:13.0=compileClasspath,kotlinCompilerClasspath,kotlinCompilerPluginClasspathMain,runtimeClasspath
org.reactivestreams:reactive-streams:1.0.3=compileClasspath,runtimeClasspath
org.slf4j:slf4j-api:1.7.30=compileClasspath
org.slf4j:slf4j-api:1.7.36=runtimeClasspath
empty=kotlinScriptDefExtensions
