# This is a Gradle generated file for dependency locking.
# Manual edits can break the build and are not advised.
# This file is expected to be part of source control.
net.java.dev.jna:jna:5.6.0=kotlinCompilerClasspath
org.jetbrains.intellij.deps:trove4j:1.0.20200330=kotlinCompilerClasspath
org.jetbrains.kotlin:kotlin-compiler-embeddable:1.8.21=kotlinCompilerClasspath
org.jetbrains.kotlin:kotlin-daemon-embeddable:1.8.21=kotlinCompilerClasspath
org.jetbrains.kotlin:kotlin-reflect:1.6.10=kotlinCompilerClasspath
org.jetbrains.kotlin:kotlin-reflect:1.8.21=compileClasspath,runtimeClasspath
org.jetbrains.kotlin:kotlin-script-runtime:1.8.21=kotlinCompilerClasspath,kotlinCompilerPluginClasspathMain
org.jetbrains.kotlin:kotlin-scripting-common:1.8.21=kotlinCompilerPluginClasspathMain
org.jetbrains.kotlin:kotlin-scripting-compiler-embeddable:1.8.21=kotlinCompilerPluginClasspathMain
org.jetbrains.kotlin:kotlin-scripting-compiler-impl-embeddable:1.8.21=kotlinCompilerPluginClasspathMain
org.jetbrains.kotlin:kotlin-scripting-jvm:1.8.21=kotlinCompilerPluginClasspathMain
org.jetbrains.kotlin:kotlin-stdlib-common:1.8.21=compileClasspath,kotlinCompilerClasspath,kotlinCompilerPluginClasspathMain,runtimeClasspath
org.jetbrains.kotlin:kotlin-stdlib-jdk7:1.8.21=compileClasspath,runtimeClasspath
org.jetbrains.kotlin:kotlin-stdlib-jdk8:1.8.21=compileClasspath,runtimeClasspath
org.jetbrains.kotlin:kotlin-stdlib:1.8.21=compileClasspath,kotlinCompilerClasspath,kotlinCompilerPluginClasspathMain,runtimeClasspath
org.jetbrains.kotlinx:kotlinx-coroutines-bom:1.7.1=compileClasspath,runtimeClasspath
org.jetbrains.kotlinx:kotlinx-coroutines-core-jvm:1.7.1=compileClasspath,runtimeClasspath
org.jetbrains.kotlinx:kotlinx-coroutines-core:1.7.1=compileClasspath,runtimeClasspath
org.jetbrains:annotations:13.0=kotlinCompilerClasspath,kotlinCompilerPluginClasspathMain
org.jetbrains:annotations:23.0.0=compileClasspath,runtimeClasspath
empty=kotlinScriptDefExtensions,testKotlinScriptDefExtensions
